PODS:
  - Alamofire (3.4.0)
  - Popover (0.9.1)
  - SwiftyJSON (2.3.2)

DEPENDENCIES:
  - Alamofire (~> 3.4)
  - Popover
  - SwiftyJSON

SPEC CHECKSUMS:
  Alamofire: c19a627cefd6a95f840401c49ab1f124e07f54ee
  Popover: e64ef6d6f6e98c1c5c5aceedf1d1b9e6fd7375d7
  SwiftyJSON: 04ccea08915aa0109039157c7974cf0298da292a

PODFILE CHECKSUM: 3d935945c3f6516bcdcbe878931d3d7e795d477d

COCOAPODS: 1.0.0
